schema: '2.0'
stages:
  data_collection:
    cmd: python src/data/data_collection.py
    deps:
    - path: src/data/data_collection.py
      hash: md5
      md5: 45ec794aabf7d6fb243faa956bb3bef7
      size: 1911
    params:
      params.yaml:
        data_collection.test_size: 0.2
    outs:
    - path: data/raw
      hash: md5
      md5: c0c2d65c14a603e91e029fda3c344a5c.dir
      size: 522262
      nfiles: 2
  prep_processing:
    cmd: python src/data/data_prep.py
    deps:
    - path: data/raw
      hash: md5
      md5: c0c2d65c14a603e91e029fda3c344a5c.dir
      size: 522262
      nfiles: 2
    - path: src/data/data_prep.py
      hash: md5
      md5: 075dc731e26daeae2075ec87b50f7848
      size: 1031
    outs:
    - path: data/processed
      hash: md5
      md5: 0beb4adc62d83817b414bed6f535f487.dir
      size: 546895
      nfiles: 2
  model_buliding:
    cmd: python src/model/model.py
    deps:
    - path: data/processed
      hash: md5
      md5: 0beb4adc62d83817b414bed6f535f487.dir
      size: 546895
      nfiles: 2
    - path: src/model/model.py
      hash: md5
      md5: 39ba6c131b78c9cfb3636d691d1ec136
      size: 1117
    params:
      params.yaml:
        model.n_estimators: 200
    outs:
    - path: models/model.pkl
      hash: md5
      md5: 9b265401743b76fe68b2037aa841e036
      size: 14740546
  model_evaluation:
    cmd: python src/model/model_evaluation.py
    deps:
    - path: models/model.pkl
      hash: md5
      md5: 0e052d225d84376d502d3bc605908875
      size: 14713347
    - path: src/model/model_evaluation.py
      hash: md5
      md5: e075baa328df8514ce0d9499813f4c89
      size: 1355
    outs:
    - path: reports/metrics.json
      hash: md5
      md5: 2dc5186bb2e9719929cadf30a6c843e7
      size: 146
