schema: '2.0'
stages:
  data_collection:
    cmd: python src/data/data_collection.py
    deps:
    - path: src/data/data_collection.py
      hash: md5
      md5: 1280e8a9f59ffdeafe147bcefdcf856e
      size: 1909
    outs:
    - path: data/raw
      hash: md5
      md5: 97825bb768b4b66d70c59daed663063a.dir
      size: 522262
      nfiles: 2
